{
  "version": 2,
  "dependencies": {
    "net10.0": {
      "MessagePack": {
        "type": "Direct",
        "requested": "[3.1.8, )",
        "resolved": "3.1.8",
        "contentHash": "Qk2q+9FVxnMSp+NQ9y3SLz3HqWe7Rg3KRMHhBX28FkKUoOeP9YIU86mA4pFOxDDjUIRA9e7Ssbxs/LwWUcAzPw==",
        "dependencies": {
          "MessagePack.Annotations": "3.1.8",
          "MessagePackAnalyzer": "3.1.8",
          "Microsoft.NET.StringTools": "17.11.4"
        }
      },
      "NBomber": {
        "type": "Direct",
        "requested": "[6.1.2, )",
        "resolved": "6.1.2",
        "contentHash": "qCM0q7KMBFImvsT3cHsMzId5VhPaKIgWpPxlJTQFtjP/wkhpR6krFhiQh5lh+HrgRqxxqDucfgwXzNTpF5eXCA==",
        "dependencies": {
          "CommandLineParser": "2.9.1",
          "ConsoleTables": "[2.4.2]",
          "ExpressionTreeToString": "3.4.71",
          "FSharp.Core": "9.0.300",
          "FSharp.SystemTextJson": "1.4.36",
          "FSharp.UMX": "1.1.0",
          "FsToolkit.ErrorHandling.IcedTasks": "4.18.0",
          "FuncyDown": "1.4.2",
          "HdrHistogram": "2.5.0",
          "NATS.Client": "1.1.6",
          "NBomber.Contracts": "[6.1.0]",
          "Serilog.Enrichers.Environment": "3.0.1",
          "Serilog.Enrichers.Thread": "4.0.0",
          "Serilog.Settings.Configuration": "9.0.0",
          "Serilog.Sinks.File": "6.0.0",
          "Serilog.Sinks.SpectreConsole": "[0.3.3]",
          "System.Reactive": "6.0.1"
        }
      },
      "NBomber.Http": {
        "type": "Direct",
        "requested": "[6.0.0, )",
        "resolved": "6.0.0",
        "contentHash": "4ZVAv+rmOwbE/dSlEdSaSg6TyjQhNvbCxx3waRIkGQXre9PoN90bZOVwBM5Etn9l3amXi77R1Bqr0BKQ1OGO/w==",
        "dependencies": {
          "FSharp.Core": "9.0.201",
          "NBomber.Contracts": "6.0.0"
        }
      },
      "CommandLineParser": {
        "type": "Transitive",
        "resolved": "2.9.1",
        "contentHash": "OE0sl1/sQ37bjVsPKKtwQlWDgqaxWgtme3xZz7JssWUzg5JpMIyHgCTY9MVMxOg48fJ1AgGT3tgdH5m/kQ5xhA=="
      },
      "ConsoleTables": {
        "type": "Transitive",
        "resolved": "2.4.2",
        "contentHash": "0SRFOWYCgFQ0RfAMof2DsGEJHI2YKquCA4X26kKyuG+MG+/2R3NRgRVEqXDMU7eVP69MGDzb1eg4i3/APlIfQg=="
      },
      "ExpressionTreeToString": {
        "type": "Transitive",
        "resolved": "3.4.71",
        "contentHash": "A7db29d6R1pu9D3gm+OiDa8tLz7cG1NNVIlhipl+KExRw4kN4kthaz8fCLGrUvTkm7Cf8j1IyOuUlbDxLPPRhQ==",
        "dependencies": {
          "ZSpitz.Util": "0.1.113"
        }
      },
      "FSharp.Core": {
        "type": "Transitive",
        "resolved": "9.0.300",
        "contentHash": "TVt2J7RCE1KCS2IaONF+p8/KIZ1eHNbW+7qmKF6hGoD4tXl+o07ja1mPtFjMqRa5uHMFaTrGTPn/m945WnDLiQ=="
      },
      "FSharp.Json.New": {
        "type": "Transitive",
        "resolved": "0.5.0",
        "contentHash": "M7JsKPfDTiEql36/H5Iadi1FViPc08tlil2WA77IrfnBvMBZbfjtYfe0BKML8WC+VSZtnV6mL9nKMRvXma2Zjg==",
        "dependencies": {
          "FSharp.Core": "8.0.403"
        }
      },
      "FSharp.SystemTextJson": {
        "type": "Transitive",
        "resolved": "1.4.36",
        "contentHash": "1xLk0SBF1nedD74B77rcArjD2d+DeZwbNI7BVCAyKwIBERo1VoX8Mf4AtX0OV2L3ZeM/XS1b6BuhXCyoh0KBnw==",
        "dependencies": {
          "FSharp.Core": "4.7.0"
        }
      },
      "FSharp.UMX": {
        "type": "Transitive",
        "resolved": "1.1.0",
        "contentHash": "0+4w4/yBL5z7w1/k198ooPbfMqkzMSXPRVZEVingnwAdjM//QIFG25eJbB3RtoSQAusBwV5B3VcSudxJejd5Bg==",
        "dependencies": {
          "FSharp.Core": "4.3.4"
        }
      },
      "FsToolkit.ErrorHandling": {
        "type": "Transitive",
        "resolved": "4.18.0",
        "contentHash": "cGtOP6lWcnLcXiLTGZLHi+8JAyuUDjGhZOmJWnZfd5aPCUIyL+DqUIwmfEGkUk3j/gpcchLDk9BNwUTc1oM30w==",
        "dependencies": {
          "FSharp.Core": "7.0.300"
        }
      },
      "FsToolkit.ErrorHandling.IcedTasks": {
        "type": "Transitive",
        "resolved": "4.18.0",
        "contentHash": "Clf2aAza3YC3zkCSfMhwQo0NYTkKCdoAwKajA5M3uZQ9Va1bO8AEjai2M3DOGIzpUa3xMJVlqtQVG0DQlVCt4A==",
        "dependencies": {
          "FSharp.Core": "7.0.300",
          "FsToolkit.ErrorHandling.TaskResult": "4.18.0",
          "IcedTasks": "0.7.0"
        }
      },
      "FsToolkit.ErrorHandling.TaskResult": {
        "type": "Transitive",
        "resolved": "4.18.0",
        "contentHash": "XEcsKn7nqISf2JbkuzAIlMPYKmx2fYw8Ufa8hwXsqisKTEVaEWAYG9HG+NRvjEQgw367o/XE8CdcOnEtMBzUwA==",
        "dependencies": {
          "FsToolkit.ErrorHandling": "4.18.0"
        }
      },
      "FuncyDown": {
        "type": "Transitive",
        "resolved": "1.4.2",
        "contentHash": "2M9vi89V/jUCT90wl1RJgXqiVgI91GcKMv+TmOnTPytyebnwT0fYoHAVRNvVgfBaHMmouJFPRnaKtnKNa04kdA==",
        "dependencies": {
          "FSharp.Core": "8.0.400"
        }
      },
      "HdrHistogram": {
        "type": "Transitive",
        "resolved": "2.5.0",
        "contentHash": "RE1wG9tbQJDnfgKnBYiR8DNIPC3a9oZeUqDOQmpxcH/xBOqU7T6R20YVndKtk6STglQyGaZCRnWue8WcAo87OA==",
        "dependencies": {
          "NETStandard.Library": "1.6.1"
        }
      },
      "IcedTasks": {
        "type": "Transitive",
        "resolved": "0.7.0",
        "contentHash": "anE/y9Rtwdx4AYR6As9U8f9FyyR5fsWALv48kvi2Ij5zFHiEzSLqgpq3RBS2N2fss0KMq6GYSokEn5zfVu6BZg==",
        "dependencies": {
          "FSharp.Core": "7.0.0"
        }
      },
      "MessagePack.Annotations": {
        "type": "Transitive",
        "resolved": "3.1.8",
        "contentHash": "SitOtZ4tOlAZZPF7p52M7143F+Cuz7o/aU0MrtAXX0+ZkPXzDNroOFhzzE2ogMFThsoEW/E6akXVVcBFM9ZKaw=="
      },
      "MessagePack.FSharpExtensions": {
        "type": "Transitive",
        "resolved": "4.0.0",
        "contentHash": "JNc4ZmYifEi4PZVLRq9IMoO1RXmUDKj2mJtRCRXoz0SMx1veqabffWotDxsD6o0hVELSRQIKrEIcSjtwYAgsmQ==",
        "dependencies": {
          "FSharp.Core": "7.0.200",
          "MessagePack": "2.4.59"
        }
      },
      "MessagePackAnalyzer": {
        "type": "Transitive",
        "resolved": "3.1.8",
        "contentHash": "Vm4g0cR4YRKRchEOmMJ0uVFU6yxdg7cJa2KHv3SUAHEsdYKvMpHMF5A1hZfsix89ymD5cmuzRnw9a6dKMcvq+Q=="
      },
      "Microsoft.Extensions.Configuration": {
        "type": "Transitive",
        "resolved": "9.0.7",
        "contentHash": "oxGR51+w5cXm5B9gU6XwpAB2sTiyPSmZm7hjvv0rzRnmL5o/KZzE103AuQj7sK26OBupjVzU/bZxDWvvU4nhEg==",
        "dependencies": {
          "Microsoft.Extensions.Configuration.Abstractions": "9.0.7",
          "Microsoft.Extensions.Primitives": "9.0.7"
        }
      },
      "Microsoft.Extensions.Configuration.Abstractions": {
        "type": "Transitive",
        "resolved": "9.0.7",
        "contentHash": "lut/kiVvNsQ120VERMUYSFhpXPpKjjql+giy03LesASPBBcC0o6+aoFdzJH9GaYpFTQ3fGVhVjKjvJDoAW5/IQ==",
        "dependencies": {
          "Microsoft.Extensions.Primitives": "9.0.7"
        }
      },
      "Microsoft.Extensions.Configuration.Binder": {
        "type": "Transitive",
        "resolved": "9.0.7",
        "contentHash": "ExY+zXHhU4o9KC2alp3ZdLWyVWVRSn5INqax5ABk+HEOHlAHzomhJ7ek9HHliyOMiVGoYWYaMFOGr9q59mSAGA==",
        "dependencies": {
          "Microsoft.Extensions.Configuration.Abstractions": "9.0.7"
        }
      },
      "Microsoft.Extensions.Configuration.FileExtensions": {
        "type": "Transitive",
        "resolved": "9.0.7",
        "contentHash": "3LVg32iMfR9ENeegXAo73L+877iOcQauLJsXlKZNVSsLA/HbPgClZdeMGdjLSkaidYw3l02XbXTlOdGYNgu91Q==",
        "dependencies": {
          "Microsoft.Extensions.Configuration": "9.0.7",
          "Microsoft.Extensions.Configuration.Abstractions": "9.0.7",
          "Microsoft.Extensions.FileProviders.Abstractions": "9.0.7",
          "Microsoft.Extensions.FileProviders.Physical": "9.0.7",
          "Microsoft.Extensions.Primitives": "9.0.7"
        }
      },
      "Microsoft.Extensions.Configuration.Json": {
        "type": "Transitive",
        "resolved": "9.0.7",
        "contentHash": "3HQV326liEInT9UKEc+k73f1ECwNhvDS/DJAe5WvtMKDJTJqTH2ujrUC2ZlK/j6pXyPbV9f0Ku8JB20JveGImg==",
        "dependencies": {
          "Microsoft.Extensions.Configuration": "9.0.7",
          "Microsoft.Extensions.Configuration.Abstractions": "9.0.7",
          "Microsoft.Extensions.Configuration.FileExtensions": "9.0.7",
          "Microsoft.Extensions.FileProviders.Abstractions": "9.0.7"
        }
      },
      "Microsoft.Extensions.DependencyModel": {
        "type": "Transitive",
        "resolved": "9.0.0",
        "contentHash": "saxr2XzwgDU77LaQfYFXmddEDRUKHF4DaGMZkNB3qjdVSZlax3//dGJagJkKrGMIPNZs2jVFXITyCCR6UHJNdA=="
      },
      "Microsoft.Extensions.FileProviders.Abstractions": {
        "type": "Transitive",
        "resolved": "9.0.7",
        "contentHash": "y9djCca1cz/oz/J8jTxtoecNiNvaiGBJeWd7XOPxonH+FnfHqcfslJMcSr5JMinmWFyS7eh3C9L6m6oURZ5lSA==",
        "dependencies": {
          "Microsoft.Extensions.Primitives": "9.0.7"
        }
      },
      "Microsoft.Extensions.FileProviders.Physical": {
        "type": "Transitive",
        "resolved": "9.0.7",
        "contentHash": "JYEPYrb+YBpFTCdmSBrk8cg3wAi1V4so7ccq04qbhg3FQHQqgJk28L3heEOKMXcZobOBUjTnGCFJD49Ez9kG5w==",
        "dependencies": {
          "Microsoft.Extensions.FileProviders.Abstractions": "9.0.7",
          "Microsoft.Extensions.FileSystemGlobbing": "9.0.7",
          "Microsoft.Extensions.Primitives": "9.0.7"
        }
      },
      "Microsoft.Extensions.FileSystemGlobbing": {
        "type": "Transitive",
        "resolved": "9.0.7",
        "contentHash": "5VKpTH2ME0SSs0lrtkpKgjCeHzXR5ka/H+qThPwuWi78wHubApZ/atD7w69FDt0OOM7UMV6LIbkqEQgoby4IXA=="
      },
      "Microsoft.Extensions.Primitives": {
        "type": "Transitive",
        "resolved": "9.0.7",
        "contentHash": "ti/zD9BuuO50IqlvhWQs9GHxkCmoph5BHjGiWKdg2t6Or8XoyAfRJiKag+uvd/fpASnNklfsB01WpZ4fhAe0VQ=="
      },
      "Microsoft.NET.StringTools": {
        "type": "Transitive",
        "resolved": "17.11.4",
        "contentHash": "mudqUHhNpeqIdJoUx2YDWZO/I9uEDYVowan89R6wsomfnUJQk6HteoQTlNjZDixhT2B4IXMkMtgZtoceIjLRmA=="
      },
      "Microsoft.NETCore.Platforms": {
        "type": "Transitive",
        "resolved": "1.1.0",
        "contentHash": "kz0PEW2lhqygehI/d6XsPCQzD7ff7gUJaVGPVETX611eadGsA3A877GdSlU0LRVMCTH/+P3o2iDTak+S08V2+A=="
      },
      "NATS.Client": {
        "type": "Transitive",
        "resolved": "1.1.6",
        "contentHash": "bUZIpecpunMekKIS5nULkazYLbwFJtZbN6jyZeR8Qp+3SYdwPjJKSS7Yhr+CSVin40PajsWrn7MRpid0xrEBtQ=="
      },
      "NBomber.Contracts": {
        "type": "Transitive",
        "resolved": "6.1.0",
        "contentHash": "goE42D6NzA+gQm6wWYCpsc8ixfB4XUsj5FnHuj7aANKs+K1GskXPaYj+3PYFQlIUyq8hFSfUdFwqWZX0Uo0MQg==",
        "dependencies": {
          "FSharp.Core": "9.0.300",
          "FSharp.Json.New": "0.5.0",
          "FSharp.UMX": "1.1.0",
          "MessagePack": "2.5.192",
          "MessagePack.FSharpExtensions": "4.0.0",
          "Microsoft.Extensions.Configuration.Binder": "9.0.7",
          "Microsoft.Extensions.Configuration.Json": "9.0.7",
          "Serilog": "4.2.0"
        }
      },
      "NETStandard.Library": {
        "type": "Transitive",
        "resolved": "1.6.1",
        "contentHash": "WcSp3+vP+yHNgS8EV5J7pZ9IRpeDuARBPN28by8zqff1wJQXm26PVU8L3/fYLBJVU7BtDyqNVWq2KlCVvSSR4A==",
        "dependencies": {
          "Microsoft.NETCore.Platforms": "1.1.0"
        }
      },
      "OneOf": {
        "type": "Transitive",
        "resolved": "3.0.163",
        "contentHash": "qCOglhmLghfPOoPlOR+WhF7HwEAenN+s87aBl/iGfmjqjkdtBvXg/mAGY44t8GbS0zsuJchxW3QYqYJQ3HyjLw==",
        "dependencies": {
          "NETStandard.Library": "1.6.1"
        }
      },
      "Serilog": {
        "type": "Transitive",
        "resolved": "4.2.0",
        "contentHash": "gmoWVOvKgbME8TYR+gwMf7osROiWAURterc6Rt2dQyX7wtjZYpqFiA/pY6ztjGQKKV62GGCyOcmtP1UKMHgSmA=="
      },
      "Serilog.Enrichers.Environment": {
        "type": "Transitive",
        "resolved": "3.0.1",
        "contentHash": "9BqCE4C9FF+/rJb/CsQwe7oVf44xqkOvMwX//CUxvUR25lFL4tSS6iuxE5eW07quby1BAyAEP+vM6TWsnT3iqw==",
        "dependencies": {
          "Serilog": "4.0.0"
        }
      },
      "Serilog.Enrichers.Thread": {
        "type": "Transitive",
        "resolved": "4.0.0",
        "contentHash": "C7BK25a1rhUyr+Tp+1BYcVlBJq7M2VCHlIgnwoIUVJcicM9jYcvQK18+OeHiXw7uLPSjqWxJIp1EfaZ/RGmEwA==",
        "dependencies": {
          "Serilog": "4.0.0"
        }
      },
      "Serilog.Settings.Configuration": {
        "type": "Transitive",
        "resolved": "9.0.0",
        "contentHash": "4/Et4Cqwa+F88l5SeFeNZ4c4Z6dEAIKbu3MaQb2Zz9F/g27T5a3wvfMcmCOaAiACjfUb4A6wrlTVfyYUZk3RRQ==",
        "dependencies": {
          "Microsoft.Extensions.Configuration.Binder": "9.0.0",
          "Microsoft.Extensions.DependencyModel": "9.0.0",
          "Serilog": "4.2.0"
        }
      },
      "Serilog.Sinks.File": {
        "type": "Transitive",
        "resolved": "6.0.0",
        "contentHash": "lxjg89Y8gJMmFxVkbZ+qDgjl+T4yC5F7WSLTvA+5q0R04tfKVLRL/EHpYoJ/MEQd2EeCKDuylBIVnAYMotmh2A==",
        "dependencies": {
          "Serilog": "4.0.0"
        }
      },
      "Serilog.Sinks.SpectreConsole": {
        "type": "Transitive",
        "resolved": "0.3.3",
        "contentHash": "Lw3CBuJQ+HY4Pso3km7isrDXdmLpwZ5sgt1SXr5v6UEkO2hsSP4iHIXvLKbCgJyvUyxikVn0iFQMj4eGfl4/TA==",
        "dependencies": {
          "FSharp.Core": "6.0.5",
          "Serilog": "2.10.0",
          "Spectre.Console": "0.45.0"
        }
      },
      "Spectre.Console": {
        "type": "Transitive",
        "resolved": "0.45.0",
        "contentHash": "e//13o8/BCrWmwN26eJ4zCzD2iq7iUlqQd+nDI9nJUdnJ/rYAanYiNFZZ7YHwlv48IKuKtRYYP6/wPt1DG67ww=="
      },
      "System.Reactive": {
        "type": "Transitive",
        "resolved": "6.0.1",
        "contentHash": "rHaWtKDwCi9qJ3ObKo8LHPMuuwv33YbmQi7TcUK1C264V3MFnOr5Im7QgCTdLniztP3GJyeiSg5x8NqYJFqRmg=="
      },
      "ZSpitz.Util": {
        "type": "Transitive",
        "resolved": "0.1.113",
        "contentHash": "yZw1JiuhHaTnIYZorQdnn0gCOzdZBmbVudatAOFtT0IqEF3YV5q0pNN6/K9ikpA1Yy1KjmhoGWbhvOf4UMNdPA==",
        "dependencies": {
          "OneOf": "3.0.163"
        }
      }
    }
  }
}