# quiz-ids.lock — the spaced-repetition keys, and what they point at.
#
# `<chapter>#<index>` is positional, and it is the key a learner's review
# schedule is stored under. Appending a question is free. Reordering or
# deleting one re-points existing history at a different question, with no
# symptom, so the hash of each stem is recorded here and doctor.cs compares.
#
# Regenerate deliberately, never to make a failure go away:
#   dotnet run tools/doctor.cs --update

00-the-job-posting#0	87d2a06619b4
00-the-job-posting#1	9b74e40780ed
00-the-job-posting#2	b1b45dcaf9b2
00-the-job-posting#3	e9783c3114a4
00-the-job-posting#4	d2d5cb09d5a2
00-the-job-posting#5	49c268a93052
00-the-job-posting#6	4dbbdc77ecb2
00-the-job-posting#7	f8d714cd00bb
00a-your-first-program#0	d36dd8aa61d7
00a-your-first-program#1	32cee112a7b0
00a-your-first-program#2	fb5dcfe7bc58
00a-your-first-program#3	31fae4531eaa
00a-your-first-program#4	3b23380bbe47
00a-your-first-program#5	901567724580
00a-your-first-program#6	ab3873f1b8d5
00a-your-first-program#7	ee7edd9cce65
00b-variables-and-types#0	78ab31473e76
00b-variables-and-types#1	e51f31f94fe5
00b-variables-and-types#2	cb4b2af9cddd
00b-variables-and-types#3	de44e66223bd
00b-variables-and-types#4	ec25fcabef04
00b-variables-and-types#5	652771f81d4c
00b-variables-and-types#6	6493c7cdcaf8
00b-variables-and-types#7	40c180f171da
00c-control-flow-and-methods#0	9298a99b44f5
00c-control-flow-and-methods#1	d4ffbc551665
00c-control-flow-and-methods#2	91bda7bd9377
00c-control-flow-and-methods#3	d73627f7daa7
00c-control-flow-and-methods#4	adcb2da58830
00c-control-flow-and-methods#5	49d35e3ec5a3
00c-control-flow-and-methods#6	227abd294baf
00c-control-flow-and-methods#7	69594ff1fdab
00d-how-a-project-is-built#0	70e2baeb5513
00d-how-a-project-is-built#1	ad28a325bec3
00d-how-a-project-is-built#2	8ff99b811d78
00d-how-a-project-is-built#3	a3a1ae93d791
00d-how-a-project-is-built#4	c58932aef4a1
00d-how-a-project-is-built#5	148e746bd5f6
00d-how-a-project-is-built#6	4a6915ed6e45
00d-how-a-project-is-built#7	5aa7fe63495d
01-dotnet-platform#0	d36dd8aa61d7
01-dotnet-platform#1	d236107e7921
01-dotnet-platform#2	cc32913ce7f7
01-dotnet-platform#3	277ea59da886
01-dotnet-platform#4	07e8955d5ed0
01-dotnet-platform#5	908bd3ffe2fd
01-dotnet-platform#6	606a9383cd23
01-dotnet-platform#7	91b05efb1990
02-csharp-fundamentals#0	f8954a83a53b
02-csharp-fundamentals#1	325663f16bb6
02-csharp-fundamentals#2	76d31540e84b
02-csharp-fundamentals#3	dfa1bdcd49c9
02-csharp-fundamentals#4	450adbd35e45
02-csharp-fundamentals#5	c3e230bd8461
02-csharp-fundamentals#6	1937cd24e4ef
02-csharp-fundamentals#7	83ac0841d4dd
03-oop#0	dc979599915a
03-oop#1	e78560ef3df0
03-oop#2	2004a48ddb55
03-oop#3	325663f16bb6
03-oop#4	ac7765af2241
03-oop#5	2e4753cd6039
03-oop#6	d49c5c094cf0
03-oop#7	f4ca1114a142
04-generics-delegates-events#0	0e58e60d55d5
04-generics-delegates-events#1	5570aed8fc39
04-generics-delegates-events#2	325663f16bb6
04-generics-delegates-events#3	4552b0471fcf
04-generics-delegates-events#4	37a51c08bacf
04-generics-delegates-events#5	cfc2212b8627
04-generics-delegates-events#6	f9688c2c102b
04-generics-delegates-events#7	ad6009e5c23c
05-solid-and-patterns#0	09a5e0734395
05-solid-and-patterns#1	d1c71b1d1d14
05-solid-and-patterns#2	fd4a657eaf7b
05-solid-and-patterns#3	0337bfb06326
05-solid-and-patterns#4	a305ce3756c2
05-solid-and-patterns#5	6613c795807d
05-solid-and-patterns#6	6fb6afb98242
05-solid-and-patterns#7	d453d8a97401
06-collections-and-linq#0	c948b647a12e
06-collections-and-linq#1	262799fbfa7d
06-collections-and-linq#2	de0458d5efc7
06-collections-and-linq#3	0b3023455600
06-collections-and-linq#4	fd821a14a282
06-collections-and-linq#5	a251a1a92672
06-collections-and-linq#6	ca144bbc3ff6
06-collections-and-linq#7	f4e5fd2b8a12
07-async-and-errors#0	0e792b7acf53
07-async-and-errors#1	b79ac003a743
07-async-and-errors#2	cf94155c0970
07-async-and-errors#3	7551777a4ee1
07-async-and-errors#4	77967d8702d0
07-async-and-errors#5	1b22f6e8dc08
07-async-and-errors#6	2083200394ae
07-async-and-errors#7	c0a84011c914
08-disposal-and-thread-safety#0	645f55f1b97d
08-disposal-and-thread-safety#1	d4f620b05e34
08-disposal-and-thread-safety#2	343a434a372d
08-disposal-and-thread-safety#3	53193a9c0ca3
08-disposal-and-thread-safety#4	0d62a2ce2889
08-disposal-and-thread-safety#5	5f93badfbf2c
08-disposal-and-thread-safety#6	08f63f59b170
08-disposal-and-thread-safety#7	84d166600246
09-databases-and-sql-server#0	095f11ef8ea7
09-databases-and-sql-server#1	ce1a4f360c73
09-databases-and-sql-server#10	6e6f3903af92
09-databases-and-sql-server#2	2adbae40abc9
09-databases-and-sql-server#3	82599ef7a7d6
09-databases-and-sql-server#4	6f06029d3aec
09-databases-and-sql-server#5	a938479411e0
09-databases-and-sql-server#6	3e1493e3f9c2
09-databases-and-sql-server#7	2213679086fa
09-databases-and-sql-server#8	b5967f16908c
09-databases-and-sql-server#9	16c75b8ae551
10-tsql-querying#0	41758440683c
10-tsql-querying#1	7230ba3b1ef6
10-tsql-querying#2	2cf9c16a5d25
10-tsql-querying#3	15a001c78f0c
10-tsql-querying#4	fb6b6aa023a4
10-tsql-querying#5	0a2b40c17067
10-tsql-querying#6	4abef0d58bcb
10-tsql-querying#7	3764e735b322
10-tsql-querying#8	a0fad06cc8f7
10-tsql-querying#9	6b1ec5380281
10b-views-functions-procedures#0	1aeedb1e1ecd
10b-views-functions-procedures#1	a98294ca74b6
10b-views-functions-procedures#10	733bf83d4510
10b-views-functions-procedures#11	844ba0e273fa
10b-views-functions-procedures#12	8d4a35c68529
10b-views-functions-procedures#13	3a321f9e8321
10b-views-functions-procedures#14	b16558dc7992
10b-views-functions-procedures#15	632b3809ee5a
10b-views-functions-procedures#16	4be6e70ded58
10b-views-functions-procedures#2	329ce91fd97b
10b-views-functions-procedures#3	ce4c86267535
10b-views-functions-procedures#4	b90f06bc1aa1
10b-views-functions-procedures#5	720c3f841f23
10b-views-functions-procedures#6	06351926355a
10b-views-functions-procedures#7	a09a40fffb7d
10b-views-functions-procedures#8	b13daf0f10a1
10b-views-functions-procedures#9	0ee1616b2a14
11-tsql-performance#0	c45f9fec056d
11-tsql-performance#1	bf43e23668d0
11-tsql-performance#10	ab6869b0a86d
11-tsql-performance#2	ad135619acf8
11-tsql-performance#3	676d07120d53
11-tsql-performance#4	f13e79b50769
11-tsql-performance#5	74187ec7511b
11-tsql-performance#6	2a129157b89f
11-tsql-performance#7	9b7e54899cd1
11-tsql-performance#8	87339ad8dc7c
11-tsql-performance#9	bec90a564f9c
12-ef-core#0	56b5cbd45ac4
12-ef-core#1	c7f8c809d6a2
12-ef-core#2	06b61a73e8d7
12-ef-core#3	b77442d120ff
12-ef-core#4	dc180b974d06
12-ef-core#5	80f853b41228
12-ef-core#6	d5d00c28f64d
12-ef-core#7	67b73fd4b0c9
13-rest-principles#0	a8a6fbee37e7
13-rest-principles#1	dbcbeeb9242d
13-rest-principles#2	8c468f7c8ccc
13-rest-principles#3	2554d9e73750
13-rest-principles#4	aab9b305abec
13-rest-principles#5	f088d8f7d871
13-rest-principles#6	4e0602bd25e3
13-rest-principles#7	af08b716ea38
14-web-api#0	9d874ca9259d
14-web-api#1	7543df43621e
14-web-api#2	fa93da2e3499
14-web-api#3	ea8330fec2e5
14-web-api#4	074a03e2e558
14-web-api#5	93bd07108106
14-web-api#6	7c95586a0174
14-web-api#7	cf434391e696
14b-integrations#0	f7ff7109a9f8
14b-integrations#1	e1f73c7dccef
14b-integrations#10	d14b67ac539b
14b-integrations#11	b9933d7b14d9
14b-integrations#12	eac2eb1bb613
14b-integrations#13	2fe87b953414
14b-integrations#2	c2f171ecd866
14b-integrations#3	8c7384f41aaf
14b-integrations#4	ef0e2fbeba74
14b-integrations#5	89500bc9a4b5
14b-integrations#6	227260f0c131
14b-integrations#7	e6aedf3b92f2
14b-integrations#8	97b69d7fb60f
14b-integrations#9	725ee405cc9d
15-api-security#0	0689fd9b4002
15-api-security#1	d23b1043a91e
15-api-security#2	54389a33924f
15-api-security#3	d20791da57e6
15-api-security#4	287a0a739ae1
15-api-security#5	655f24f65a78
15-api-security#6	be29aacfef9a
15-api-security#7	04bc8a74a565
16-aspnet-mvc#0	bc6ecb8ef5d5
16-aspnet-mvc#1	2d5c380e3c5b
16-aspnet-mvc#2	5a0316fb399f
16-aspnet-mvc#3	a5c1c55beded
16-aspnet-mvc#4	5482e7567413
16-aspnet-mvc#5	988498bf84b4
16-aspnet-mvc#6	595c8f2bbf4e
16-aspnet-mvc#7	536696335874
16b-aspnet-framework#0	3087db7ae718
16b-aspnet-framework#1	a17da53b76f2
16b-aspnet-framework#10	fb0c50edcd13
16b-aspnet-framework#11	0f8ebe5b3ad1
16b-aspnet-framework#2	493cc21eed23
16b-aspnet-framework#3	5d61ed222163
16b-aspnet-framework#4	b7e1942fbfe4
16b-aspnet-framework#5	418ebb62c953
16b-aspnet-framework#6	2f4819226fd4
16b-aspnet-framework#7	927b03416541
16b-aspnet-framework#8	1900ddf919d7
16b-aspnet-framework#9	36ee9ececfa8
17-frontend-basics#0	3dde78ba5e55
17-frontend-basics#1	03161acf1cf9
17-frontend-basics#2	430e0f299a7c
17-frontend-basics#3	934fccca1dbd
17-frontend-basics#4	d383a0a71e21
17-frontend-basics#5	51fd23b7ee6c
17-frontend-basics#6	61baa4afa702
17-frontend-basics#7	2876f56627b7
17b-javascript-language#0	325663f16bb6
17b-javascript-language#1	836b00692ff7
17b-javascript-language#10	3f4b816ccf83
17b-javascript-language#11	2899fb77435e
17b-javascript-language#12	c4a667acf461
17b-javascript-language#13	ba052b188bb0
17b-javascript-language#14	4809ab89449a
17b-javascript-language#2	8ebc911add11
17b-javascript-language#3	dadf18f52b21
17b-javascript-language#4	7a4523b3b16b
17b-javascript-language#5	9eaa2a04e115
17b-javascript-language#6	5f64a38f30fe
17b-javascript-language#7	c46e9ee4645e
17b-javascript-language#8	153c0c2ad34c
17b-javascript-language#9	67ab9c7428a1
18-spa-and-typescript#0	0642556c8327
18-spa-and-typescript#1	a1726ba311cb
18-spa-and-typescript#2	2c2771d3380b
18-spa-and-typescript#3	a5196d1068aa
18-spa-and-typescript#4	07d2a8e1a195
18-spa-and-typescript#5	065630da15c4
18-spa-and-typescript#6	e4e2642c5bf8
18-spa-and-typescript#7	679fb18afdab
19-blazor#0	38240497ea58
19-blazor#1	acefa7eb6d01
19-blazor#2	1d0be19a6549
19-blazor#3	62de53a5fd25
19-blazor#4	8573e8e7d7af
19-blazor#5	2000d8defc26
19-blazor#6	8cad7a927b17
19-blazor#7	91be3f8e4c87
20-redis-caching#0	c5f45ed0de42
20-redis-caching#1	9655a4c2910f
20-redis-caching#2	4e6fae7027c8
20-redis-caching#3	322e4042cb1a
20-redis-caching#4	cd95473a0dba
20-redis-caching#5	82baa5f476eb
20-redis-caching#6	f4f99f5b10f2
20-redis-caching#7	a1c28c5b837a
21-search-elastic#0	12dacc5c7654
21-search-elastic#1	1f1b94130937
21-search-elastic#2	f18fe2fabc3a
21-search-elastic#3	227dc63675ed
21-search-elastic#4	aea95124b67d
21-search-elastic#5	a682484bfcb6
21-search-elastic#6	730907b5e3bb
21-search-elastic#7	caf6c0c2bbd7
22-messaging-and-queues#0	67a253d7ac76
22-messaging-and-queues#1	a018de1f5b53
22-messaging-and-queues#2	a588315b201f
22-messaging-and-queues#3	48e9705369da
22-messaging-and-queues#4	aef03ee5003c
22-messaging-and-queues#5	09f8a66eff23
22-messaging-and-queues#6	842a1ee13a5f
22-messaging-and-queues#7	9a696f4fe520
22b-microservices#0	5e0d8c09df53
22b-microservices#1	a2e70e2abf1a
22b-microservices#10	0b4c3147228e
22b-microservices#11	2fb65819692a
22b-microservices#12	2cf5b89f5a7f
22b-microservices#13	f1c8564f333b
22b-microservices#2	1cd4c2e05207
22b-microservices#3	1df6550170e4
22b-microservices#4	c181ca4893e5
22b-microservices#5	d1a5dcea02c7
22b-microservices#6	3db7bd40c3da
22b-microservices#7	f519d77cb4d2
22b-microservices#8	0cc548372395
22b-microservices#9	784f66cfb6e2
23-architecture-and-cqrs#0	ad4fb43011a5
23-architecture-and-cqrs#1	146d2f88b7d7
23-architecture-and-cqrs#2	92d88e0be5ef
23-architecture-and-cqrs#3	e05efef60c33
23-architecture-and-cqrs#4	fac2baa5ef6f
23-architecture-and-cqrs#5	b5aebb50cc26
23-architecture-and-cqrs#6	4e68ab6ecb77
23-architecture-and-cqrs#7	264e15bca85a
24-testing#0	763de8d72df2
24-testing#1	d19a094e5a19
24-testing#2	5590a4b2e846
24-testing#3	dd6e73101735
24-testing#4	58eb8bc0714f
24-testing#5	dcda955f05ad
24-testing#6	1c9a63a18d2d
24-testing#7	f46bcc3d2a43
25-observability#0	e51cfafb20b2
25-observability#1	8d2b7be3685d
25-observability#2	350b1124aa17
25-observability#3	1e70482c714a
25-observability#4	3e53087d563c
25-observability#5	5c8b4bb4aa05
25-observability#6	fb40196c9443
25-observability#7	9795985310f7
25b-production-support#0	04935d862461
25b-production-support#1	342032c404e3
25b-production-support#10	a4cde3ab622a
25b-production-support#11	13b736e4a139
25b-production-support#12	2c6c36c957df
25b-production-support#13	a6a314050dc3
25b-production-support#2	04c7714ad981
25b-production-support#3	6865d77fd722
25b-production-support#4	70588e825de7
25b-production-support#5	b677ff3735df
25b-production-support#6	ae2b8a6bc9a1
25b-production-support#7	3421253812f2
25b-production-support#8	d81c1797a3a6
25b-production-support#9	fdf8c797b2bb
26-git#0	656e6a573168
26-git#1	62aaea415eb5
26-git#2	126ce9d3e376
26-git#3	a152b04e77be
26-git#4	2721990be964
26-git#5	be7ded0d5ee5
26-git#6	7cf3ce39b93a
26-git#7	ef985f39f660
27-visual-studio-vscode#0	17742ebe16ab
27-visual-studio-vscode#1	afd685f1a03f
27-visual-studio-vscode#2	bdef2833db40
27-visual-studio-vscode#3	efefd19bd707
27-visual-studio-vscode#4	efd1ea0229ef
27-visual-studio-vscode#5	55c87c13f4bb
27-visual-studio-vscode#6	786d1335e436
27-visual-studio-vscode#7	2c16aa7b5e4c
28-containers-and-docker#0	b9809578aa14
28-containers-and-docker#1	94470ae46f27
28-containers-and-docker#2	d124d00b5473
28-containers-and-docker#3	34a6fd09e53c
28-containers-and-docker#4	5c0041224cfd
28-containers-and-docker#5	31f9bcddd63a
28-containers-and-docker#6	3d028317078f
28-containers-and-docker#7	729d5581eec6
29-azure#0	a00d1c853448
29-azure#1	9f1d1fb28831
29-azure#2	dace496a4ae0
29-azure#3	8235929c0c32
29-azure#4	21aa941f1eb4
29-azure#5	77cd9f42a69c
29-azure#6	89b971032306
29-azure#7	0ea169594ebc
29b-aws#0	7bb187a2b7fb
29b-aws#1	4ee48a897898
29b-aws#10	c80b1bfb4c75
29b-aws#11	36d4e29d1aa7
29b-aws#2	74cc31d2642b
29b-aws#3	cf2498668803
29b-aws#4	d8bb2dedeffc
29b-aws#5	5e966d30e4cf
29b-aws#6	342624fcd83f
29b-aws#7	875c9fdfbd5b
29b-aws#8	47eab5ff1c1e
29b-aws#9	2046a3ecc163
30-azure-devops-cicd#0	672cb10d7924
30-azure-devops-cicd#1	3e8f547022fb
30-azure-devops-cicd#2	c758d656b1cd
30-azure-devops-cicd#3	c8107403c0f2
30-azure-devops-cicd#4	0c7aecefea26
30-azure-devops-cicd#5	17be1dac345d
30-azure-devops-cicd#6	4b5c14853505
30-azure-devops-cicd#7	56cc9fc6ecb5
31-desktop-wpf-winforms#0	ba39a4ee62a7
31-desktop-wpf-winforms#1	a26b16d2f9e1
31-desktop-wpf-winforms#2	4252d4eee02e
31-desktop-wpf-winforms#3	a2e54c06987e
31-desktop-wpf-winforms#4	fd168b13dedd
31-desktop-wpf-winforms#5	29ffbc8dcad9
31-desktop-wpf-winforms#6	cae88a888532
31-desktop-wpf-winforms#7	d8a70054bf82
32-industrial-and-mes#0	16be15504a3d
32-industrial-and-mes#1	89d6d4b9afe2
32-industrial-and-mes#2	a5183fc8ae4e
32-industrial-and-mes#3	d024256809f0
32-industrial-and-mes#4	925fd9875fb0
32-industrial-and-mes#5	040167264d19
32-industrial-and-mes#6	3f0eb3ed6395
32-industrial-and-mes#7	8f12f2f367a2
33-business-central#0	3f4a12b93273
33-business-central#1	e0d8c2494249
33-business-central#2	947e60507c40
33-business-central#3	f8b56b4eebba
33-business-central#4	742f90232b7f
33-business-central#5	4d4d2a17f18a
33-business-central#6	f47b3c956cb9
33-business-central#7	eee188f5083f
33b-ai-in-dotnet#0	9911899d48f4
33b-ai-in-dotnet#1	9393fbc7732e
33b-ai-in-dotnet#10	be8ab4fb4a5c
33b-ai-in-dotnet#11	b14ff4086354
33b-ai-in-dotnet#12	9b00581b12fd
33b-ai-in-dotnet#13	f6b975625c42
33b-ai-in-dotnet#2	88581233cc63
33b-ai-in-dotnet#3	4931a80df0f1
33b-ai-in-dotnet#4	3d978f15d8c7
33b-ai-in-dotnet#5	2be6cb80222b
33b-ai-in-dotnet#6	068c5d94e751
33b-ai-in-dotnet#7	fc9a06b71e3c
33b-ai-in-dotnet#8	6c2ba5d9d9cf
33b-ai-in-dotnet#9	67fc2fad065d
34-agile-and-scrum#0	c48546f3ca6c
34-agile-and-scrum#1	b2735a259836
34-agile-and-scrum#2	5da49cbae6c6
34-agile-and-scrum#3	3de8fb42add8
34-agile-and-scrum#4	72fdac568859
34-agile-and-scrum#5	54b798cc6c97
34-agile-and-scrum#6	656917c2d3ba
34-agile-and-scrum#7	5e15861aa2cb
35-analysis-and-teamwork#0	6d961c6b099d
35-analysis-and-teamwork#1	7e5c4c16ff0d
35-analysis-and-teamwork#2	4314047db2a7
35-analysis-and-teamwork#3	92223f4e20d0
35-analysis-and-teamwork#4	6f5dd0073a8f
35-analysis-and-teamwork#5	a1fccdd67732
35-analysis-and-teamwork#6	ace7e4904081
35-analysis-and-teamwork#7	29cf2e348cdd
36-cv-and-linkedin#0	3af169bf2bd3
36-cv-and-linkedin#1	3cd63cfff6e9
36-cv-and-linkedin#2	377649bfdeaf
36-cv-and-linkedin#3	dc4f4f198ed9
36-cv-and-linkedin#4	2ff4140e73ec
36-cv-and-linkedin#5	0c24ea54396e
36-cv-and-linkedin#6	42aeae1f0e22
36-cv-and-linkedin#7	b32c6b76c08a
37-the-screening-test#0	a82bad5d662d
37-the-screening-test#1	9cec0465234f
37-the-screening-test#2	261f1de19e52
37-the-screening-test#3	bf7618833d71
37-the-screening-test#4	4f91605c3934
37-the-screening-test#5	8eba438d830f
37-the-screening-test#6	78606515f811
37-the-screening-test#7	d3b474fe4404
38-the-interview#0	0eeca11f2756
38-the-interview#1	1d84291d53aa
38-the-interview#2	510f3852b484
38-the-interview#3	ba22681946fb
38-the-interview#4	ffe345f58566
38-the-interview#5	bd120fa15c21
38-the-interview#6	118d437c5e4f
38-the-interview#7	4241ca3f87f2
